
Microsoft Visual Studio Solution File, Format Version 12.00
# Visual Studio Version 17
VisualStudioVersion = 17.8.34330.188
MinimumVisualStudioVersion = 10.0.40219.1
Project("{9A19103F-16F7-4668-BE54-9A1E7A4F7556}") = "LMS_WPFApp", "LMS_WPFApp\LMS_WPFApp.csproj", "{075F9DA9-B284-4597-8958-7A05BFE98957}"
EndProject
Project("{9A19103F-16F7-4668-BE54-9A1E7A4F7556}") = "LMS_UnitTests", "LMS_UnitTests\LMS_UnitTests.csproj", "{A2BE1C60-DCF1-4367-9112-091ED752C0F4}"
EndProject
Project("{FAE04EC0-301F-11D3-BF4B-00C04F79EFBC}") = "LMS_WPFAppTests", "LMS_WPFAppTests\LMS_WPFAppTests.csproj", "{EDC6961D-FECE-462E-B2AC-220979FB7822}"
EndProject
Global
	GlobalSection(SolutionConfigurationPlatforms) = preSolution
		Debug|Any CPU = Debug|Any CPU
		Release|Any CPU = Release|Any CPU
	EndGlobalSection
	GlobalSection(ProjectConfigurationPlatforms) = postSolution
		{075F9DA9-B284-4597-8958-7A05BFE98957}.Debug|Any CPU.ActiveCfg = Debug|Any CPU
		{075F9DA9-B284-4597-8958-7A05BFE98957}.Debug|Any CPU.Build.0 = Debug|Any CPU
		{075F9DA9-B284-4597-8958-7A05BFE98957}.Release|Any CPU.ActiveCfg = Debug|Any CPU
		{075F9DA9-B284-4597-8958-7A05BFE98957}.Release|Any CPU.Build.0 = Debug|Any CPU
		{A2BE1C60-DCF1-4367-9112-091ED752C0F4}.Debug|Any CPU.ActiveCfg = Debug|Any CPU
		{A2BE1C60-DCF1-4367-9112-091ED752C0F4}.Debug|Any CPU.Build.0 = Debug|Any CPU
		{A2BE1C60-DCF1-4367-9112-091ED752C0F4}.Release|Any CPU.ActiveCfg = Debug|Any CPU
		{A2BE1C60-DCF1-4367-9112-091ED752C0F4}.Release|Any CPU.Build.0 = Debug|Any CPU
		{EDC6961D-FECE-462E-B2AC-220979FB7822}.Debug|Any CPU.ActiveCfg = Debug|Any CPU
		{EDC6961D-FECE-462E-B2AC-220979FB7822}.Debug|Any CPU.Build.0 = Debug|Any CPU
		{EDC6961D-FECE-462E-B2AC-220979FB7822}.Release|Any CPU.ActiveCfg = Release|Any CPU
		{EDC6961D-FECE-462E-B2AC-220979FB7822}.Release|Any CPU.Build.0 = Release|Any CPU
	EndGlobalSection
	GlobalSection(SolutionProperties) = preSolution
		HideSolutionNode = FALSE
	EndGlobalSection
	GlobalSection(ExtensibilityGlobals) = postSolution
		SolutionGuid = {283C1E76-10F5-4BEB-BE0B-317079C4857B}
	EndGlobalSection
EndGlobal
